// !$*UTF8*$!
{
	archiveVersion = 1;
	classes = {
	};
	objectVersion = 56;
	objects = {

/* Begin PBXBuildFile section */
		9799468E29981FB1001AC8A7 /* HorizontalCollectionView.swift in Sources */ = {isa = PBXBuildFile; fileRef = 9799468D29981FB1001AC8A7 /* HorizontalCollectionView.swift */; };
		979946902998240E001AC8A7 /* HorizontalMenuCollectionViewCell.swift in Sources */ = {isa = PBXBuildFile; fileRef = 9799468F2998240E001AC8A7 /* HorizontalMenuCollectionViewCell.swift */; };
		979946CB2998468A001AC8A7 /* SF-Pro-Display-BlackItalic.otf in Resources */ = {isa = PBXBuildFile; fileRef = 979946B929984689001AC8A7 /* SF-Pro-Display-BlackItalic.otf */; };
		979946CC2998468A001AC8A7 /* SF-Pro-Display-Medium.otf in Resources */ = {isa = PBXBuildFile; fileRef = 979946BA29984689001AC8A7 /* SF-Pro-Display-Medium.otf */; };
		979946CD2998468A001AC8A7 /* SF-Pro-Display-Ultralight.otf in Resources */ = {isa = PBXBuildFile; fileRef = 979946BB29984689001AC8A7 /* SF-Pro-Display-Ultralight.otf */; };
		979946CE2998468A001AC8A7 /* SF-Pro-Display-MediumItalic.otf in Resources */ = {isa = PBXBuildFile; fileRef = 979946BC29984689001AC8A7 /* SF-Pro-Display-MediumItalic.otf */; };
		979946CF2998468A001AC8A7 /* SF-Pro-Display-UltralightItalic.otf in Resources */ = {isa = PBXBuildFile; fileRef = 979946BD2998468A001AC8A7 /* SF-Pro-Display-UltralightItalic.otf */; };
		979946D02998468A001AC8A7 /* SF-Pro-Display-Light.otf in Resources */ = {isa = PBXBuildFile; fileRef = 979946BE2998468A001AC8A7 /* SF-Pro-Display-Light.otf */; };
		979946D12998468A001AC8A7 /* SF-Pro-Display-Black.otf in Resources */ = {isa = PBXBuildFile; fileRef = 979946BF2998468A001AC8A7 /* SF-Pro-Display-Black.otf */; };
		979946D22998468A001AC8A7 /* SF-Pro-Display-Bold.otf in Resources */ = {isa = PBXBuildFile; fileRef = 979946C02998468A001AC8A7 /* SF-Pro-Display-Bold.otf */; };
		979946D32998468A001AC8A7 /* SF-Pro-Display-BoldItalic.otf in Resources */ = {isa = PBXBuildFile; fileRef = 979946C12998468A001AC8A7 /* SF-Pro-Display-BoldItalic.otf */; };
		979946D42998468A001AC8A7 /* SF-Pro-Display-HeavyItalic.otf in Resources */ = {isa = PBXBuildFile; fileRef = 979946C22998468A001AC8A7 /* SF-Pro-Display-HeavyItalic.otf */; };
		979946D52998468A001AC8A7 /* SF-Pro-Display-SemiboldItalic.otf in Resources */ = {isa = PBXBuildFile; fileRef = 979946C32998468A001AC8A7 /* SF-Pro-Display-SemiboldItalic.otf */; };
		979946D62998468A001AC8A7 /* SF-Pro-Display-RegularItalic.otf in Resources */ = {isa = PBXBuildFile; fileRef = 979946C42998468A001AC8A7 /* SF-Pro-Display-RegularItalic.otf */; };
		979946D72998468A001AC8A7 /* SF-Pro-Display-LightItalic.otf in Resources */ = {isa = PBXBuildFile; fileRef = 979946C52998468A001AC8A7 /* SF-Pro-Display-LightItalic.otf */; };
		979946D82998468A001AC8A7 /* SF-Pro-Display-Regular.otf in Resources */ = {isa = PBXBuildFile; fileRef = 979946C62998468A001AC8A7 /* SF-Pro-Display-Regular.otf */; };
		979946D92998468A001AC8A7 /* SF-Pro-Display-Semibold.otf in Resources */ = {isa = PBXBuildFile; fileRef = 979946C72998468A001AC8A7 /* SF-Pro-Display-Semibold.otf */; };
		979946DA2998468A001AC8A7 /* SF-Pro-Display-Thin.otf in Resources */ = {isa = PBXBuildFile; fileRef = 979946C82998468A001AC8A7 /* SF-Pro-Display-Thin.otf */; };
		979946DB2998468A001AC8A7 /* SF-Pro-Display-ThinItalic.otf in Resources */ = {isa = PBXBuildFile; fileRef = 979946C92998468A001AC8A7 /* SF-Pro-Display-ThinItalic.otf */; };
		979946DC2998468A001AC8A7 /* SF-Pro-Display-Heavy.otf in Resources */ = {isa = PBXBuildFile; fileRef = 979946CA2998468A001AC8A7 /* SF-Pro-Display-Heavy.otf */; };
		97E019602993CE7E0053FB21 /* AppDelegate.swift in Sources */ = {isa = PBXBuildFile; fileRef = 97E0195F2993CE7E0053FB21 /* AppDelegate.swift */; };
		97E019622993CE7E0053FB21 /* SceneDelegate.swift in Sources */ = {isa = PBXBuildFile; fileRef = 97E019612993CE7E0053FB21 /* SceneDelegate.swift */; };
		97E019642993CE7E0053FB21 /* ViewController.swift in Sources */ = {isa = PBXBuildFile; fileRef = 97E019632993CE7E0053FB21 /* ViewController.swift */; };
		97E019692993CE800053FB21 /* Assets.xcassets in Resources */ = {isa = PBXBuildFile; fileRef = 97E019682993CE800053FB21 /* Assets.xcassets */; };
		97E0196C2993CE800053FB21 /* LaunchScreen.storyboard in Resources */ = {isa = PBXBuildFile; fileRef = 97E0196A2993CE800053FB21 /* LaunchScreen.storyboard */; };
		97E019742993EBDB0053FB21 /* DetailViewController.swift in Sources */ = {isa = PBXBuildFile; fileRef = 97E019732993EBDB0053FB21 /* DetailViewController.swift */; };
		97E019B629956D7D0053FB21 /* BasicButton.swift in Sources */ = {isa = PBXBuildFile; fileRef = 97E019B529956D7D0053FB21 /* BasicButton.swift */; };
/* End PBXBuildFile section */

/* Begin PBXFileReference section */
		9799468D29981FB1001AC8A7 /* HorizontalCollectionView.swift */ = {isa = PBXFileReference; lastKnownFileType = sourcecode.swift; path = HorizontalCollectionView.swift; sourceTree = "<group>"; };
		9799468F2998240E001AC8A7 /* HorizontalMenuCollectionViewCell.swift */ = {isa = PBXFileReference; lastKnownFileType = sourcecode.swift; path = HorizontalMenuCollectionViewCell.swift; sourceTree = "<group>"; };
		979946B929984689001AC8A7 /* SF-Pro-Display-BlackItalic.otf */ = {isa = PBXFileReference; lastKnownFileType = file; path = "SF-Pro-Display-BlackItalic.otf"; sourceTree = "<group>"; };
		979946BA29984689001AC8A7 /* SF-Pro-Display-Medium.otf */ = {isa = PBXFileReference; lastKnownFileType = file; path = "SF-Pro-Display-Medium.otf"; sourceTree = "<group>"; };
		979946BB29984689001AC8A7 /* SF-Pro-Display-Ultralight.otf */ = {isa = PBXFileReference; lastKnownFileType = file; path = "SF-Pro-Display-Ultralight.otf"; sourceTree = "<group>"; };
		979946BC29984689001AC8A7 /* SF-Pro-Display-MediumItalic.otf */ = {isa = PBXFileReference; lastKnownFileType = file; path = "SF-Pro-Display-MediumItalic.otf"; sourceTree = "<group>"; };
		979946BD2998468A001AC8A7 /* SF-Pro-Display-UltralightItalic.otf */ = {isa = PBXFileReference; lastKnownFileType = file; path = "SF-Pro-Display-UltralightItalic.otf"; sourceTree = "<group>"; };
		979946BE2998468A001AC8A7 /* SF-Pro-Display-Light.otf */ = {isa = PBXFileReference; lastKnownFileType = file; path = "SF-Pro-Display-Light.otf"; sourceTree = "<group>"; };
		979946BF2998468A001AC8A7 /* SF-Pro-Display-Black.otf */ = {isa = PBXFileReference; lastKnownFileType = file; path = "SF-Pro-Display-Black.otf"; sourceTree = "<group>"; };
		979946C02998468A001AC8A7 /* SF-Pro-Display-Bold.otf */ = {isa = PBXFileReference; lastKnownFileType = file; path = "SF-Pro-Display-Bold.otf"; sourceTree = "<group>"; };
		979946C12998468A001AC8A7 /* SF-Pro-Display-BoldItalic.otf */ = {isa = PBXFileReference; lastKnownFileType = file; path = "SF-Pro-Display-BoldItalic.otf"; sourceTree = "<group>"; };
		979946C22998468A001AC8A7 /* SF-Pro-Display-HeavyItalic.otf */ = {isa = PBXFileReference; lastKnownFileType = file; path = "SF-Pro-Display-HeavyItalic.otf"; sourceTree = "<group>"; };
		979946C32998468A001AC8A7 /* SF-Pro-Display-SemiboldItalic.otf */ = {isa = PBXFileReference; lastKnownFileType = file; path = "SF-Pro-Display-SemiboldItalic.otf"; sourceTree = "<group>"; };
		979946C42998468A001AC8A7 /* SF-Pro-Display-RegularItalic.otf */ = {isa = PBXFileReference; lastKnownFileType = file; path = "SF-Pro-Display-RegularItalic.otf"; sourceTree = "<group>"; };
		979946C52998468A001AC8A7 /* SF-Pro-Display-LightItalic.otf */ = {isa = PBXFileReference; lastKnownFileType = file; path = "SF-Pro-Display-LightItalic.otf"; sourceTree = "<group>"; };
		979946C62998468A001AC8A7 /* SF-Pro-Display-Regular.otf */ = {isa = PBXFileReference; lastKnownFileType = file; path = "SF-Pro-Display-Regular.otf"; sourceTree = "<group>"; };
		979946C72998468A001AC8A7 /* SF-Pro-Display-Semibold.otf */ = {isa = PBXFileReference; lastKnownFileType = file; path = "SF-Pro-Display-Semibold.otf"; sourceTree = "<group>"; };
		979946C82998468A001AC8A7 /* SF-Pro-Display-Thin.otf */ = {isa = PBXFileReference; lastKnownFileType = file; path = "SF-Pro-Display-Thin.otf"; sourceTree = "<group>"; };
		979946C92998468A001AC8A7 /* SF-Pro-Display-ThinItalic.otf */ = {isa = PBXFileReference; lastKnownFileType = file; path = "SF-Pro-Display-ThinItalic.otf"; sourceTree = "<group>"; };
		979946CA2998468A001AC8A7 /* SF-Pro-Display-Heavy.otf */ = {isa = PBXFileReference; lastKnownFileType = file; path = "SF-Pro-Display-Heavy.otf"; sourceTree = "<group>"; };
		97E0195C2993CE7E0053FB21 /* TestTaskSurfStudio.app */ = {isa = PBXFileReference; explicitFileType = wrapper.application; includeInIndex = 0; path = TestTaskSurfStudio.app; sourceTree = BUILT_PRODUCTS_DIR; };
		97E0195F2993CE7E0053FB21 /* AppDelegate.swift */ = {isa = PBXFileReference; lastKnownFileType = sourcecode.swift; path = AppDelegate.swift; sourceTree = "<group>"; };
		97E019612993CE7E0053FB21 /* SceneDelegate.swift */ = {isa = PBXFileReference; lastKnownFileType = sourcecode.swift; path = SceneDelegate.swift; sourceTree = "<group>"; };
		97E019632993CE7E0053FB21 /* ViewController.swift */ = {isa = PBXFileReference; lastKnownFileType = sourcecode.swift; path = ViewController.swift; sourceTree = "<group>"; };
		97E019682993CE800053FB21 /* Assets.xcassets */ = {isa = PBXFileReference; lastKnownFileType = folder.assetcatalog; path = Assets.xcassets; sourceTree = "<group>"; };
		97E0196B2993CE800053FB21 /* Base */ = {isa = PBXFileReference; lastKnownFileType = file.storyboard; name = Base; path = Base.lproj/LaunchScreen.storyboard; sourceTree = "<group>"; };
		97E0196D2993CE800053FB21 /* Info.plist */ = {isa = PBXFileReference; lastKnownFileType = text.plist.xml; path = Info.plist; sourceTree = "<group>"; };
		97E019732993EBDB0053FB21 /* DetailViewController.swift */ = {isa = PBXFileReference; lastKnownFileType = sourcecode.swift; path = DetailViewController.swift; sourceTree = "<group>"; };
		97E019B529956D7D0053FB21 /* BasicButton.swift */ = {isa = PBXFileReference; lastKnownFileType = sourcecode.swift; path = BasicButton.swift; sourceTree = "<group>"; };
/* End PBXFileReference section */

/* Begin PBXFrameworksBuildPhase section */
		97E019592993CE7E0053FB21 /* Frameworks */ = {
			isa = PBXFrameworksBuildPhase;
			buildActionMask = 2147483647;
			files = (
			);
			runOnlyForDeploymentPostprocessing = 0;
		};
/* End PBXFrameworksBuildPhase section */

/* Begin PBXGroup section */
		979946B829984678001AC8A7 /* Fonts */ = {
			isa = PBXGroup;
			children = (
				979946BF2998468A001AC8A7 /* SF-Pro-Display-Black.otf */,
				979946B929984689001AC8A7 /* SF-Pro-Display-BlackItalic.otf */,
				979946C02998468A001AC8A7 /* SF-Pro-Display-Bold.otf */,
				979946C12998468A001AC8A7 /* SF-Pro-Display-BoldItalic.otf */,
				979946CA2998468A001AC8A7 /* SF-Pro-Display-Heavy.otf */,
				979946C22998468A001AC8A7 /* SF-Pro-Display-HeavyItalic.otf */,
				979946BE2998468A001AC8A7 /* SF-Pro-Display-Light.otf */,
				979946C52998468A001AC8A7 /* SF-Pro-Display-LightItalic.otf */,
				979946BA29984689001AC8A7 /* SF-Pro-Display-Medium.otf */,
				979946BC29984689001AC8A7 /* SF-Pro-Display-MediumItalic.otf */,
				979946C62998468A001AC8A7 /* SF-Pro-Display-Regular.otf */,
				979946C42998468A001AC8A7 /* SF-Pro-Display-RegularItalic.otf */,
				979946C72998468A001AC8A7 /* SF-Pro-Display-Semibold.otf */,
				979946C32998468A001AC8A7 /* SF-Pro-Display-SemiboldItalic.otf */,
				979946C82998468A001AC8A7 /* SF-Pro-Display-Thin.otf */,
				979946C92998468A001AC8A7 /* SF-Pro-Display-ThinItalic.otf */,
				979946BB29984689001AC8A7 /* SF-Pro-Display-Ultralight.otf */,
				979946BD2998468A001AC8A7 /* SF-Pro-Display-UltralightItalic.otf */,
			);
			path = Fonts;
			sourceTree = "<group>";
		};
		97E019532993CE7E0053FB21 = {
			isa = PBXGroup;
			children = (
				97E0195E2993CE7E0053FB21 /* TestTaskSurfStudio */,
				97E0195D2993CE7E0053FB21 /* Products */,
			);
			sourceTree = "<group>";
		};
		97E0195D2993CE7E0053FB21 /* Products */ = {
			isa = PBXGroup;
			children = (
				97E0195C2993CE7E0053FB21 /* TestTaskSurfStudio.app */,
			);
			name = Products;
			sourceTree = "<group>";
		};
		97E0195E2993CE7E0053FB21 /* TestTaskSurfStudio */ = {
			isa = PBXGroup;
			children = (
				979946B829984678001AC8A7 /* Fonts */,
				97E0195F2993CE7E0053FB21 /* AppDelegate.swift */,
				97E019612993CE7E0053FB21 /* SceneDelegate.swift */,
				97E019632993CE7E0053FB21 /* ViewController.swift */,
				97E019732993EBDB0053FB21 /* DetailViewController.swift */,
				9799468F2998240E001AC8A7 /* HorizontalMenuCollectionViewCell.swift */,
				9799468D29981FB1001AC8A7 /* HorizontalCollectionView.swift */,
				97E019B529956D7D0053FB21 /* BasicButton.swift */,
				97E019682993CE800053FB21 /* Assets.xcassets */,
				97E0196A2993CE800053FB21 /* LaunchScreen.storyboard */,
				97E0196D2993CE800053FB21 /* Info.plist */,
			);
			path = TestTaskSurfStudio;
			sourceTree = "<group>";
		};
/* End PBXGroup section */

/* Begin PBXNativeTarget section */
		97E0195B2993CE7E0053FB21 /* TestTaskSurfStudio */ = {
			isa = PBXNativeTarget;
			buildConfigurationList = 97E019702993CE800053FB21 /* Build configuration list for PBXNativeTarget "TestTaskSurfStudio" */;
			buildPhases = (
				97E019582993CE7E0053FB21 /* Sources */,
				97E019592993CE7E0053FB21 /* Frameworks */,
				97E0195A2993CE7E0053FB21 /* Resources */,
			);
			buildRules = (
			);
			dependencies = (
			);
			name = TestTaskSurfStudio;
			productName = TestTaskSurfStudio;
			productReference = 97E0195C2993CE7E0053FB21 /* TestTaskSurfStudio.app */;
			productType = "com.apple.product-type.application";
		};
/* End PBXNativeTarget section */

/* Begin PBXProject section */
		97E019542993CE7E0053FB21 /* Project object */ = {
			isa = PBXProject;
			attributes = {
				BuildIndependentTargetsInParallel = 1;
				LastSwiftUpdateCheck = 1410;
				LastUpgradeCheck = 1410;
				TargetAttributes = {
					97E0195B2993CE7E0053FB21 = {
						CreatedOnToolsVersion = 14.1;
					};
				};
			};
			buildConfigurationList = 97E019572993CE7E0053FB21 /* Build configuration list for PBXProject "TestTaskSurfStudio" */;
			compatibilityVersion = "Xcode 14.0";
			developmentRegion = en;
			hasScannedForEncodings = 0;
			knownRegions = (
				en,
				Base,
			);
			mainGroup = 97E019532993CE7E0053FB21;
			productRefGroup = 97E0195D2993CE7E0053FB21 /* Products */;
			projectDirPath = "";
			projectRoot = "";
			targets = (
				97E0195B2993CE7E0053FB21 /* TestTaskSurfStudio */,
			);
		};
/* End PBXProject section */

/* Begin PBXResourcesBuildPhase section */
		97E0195A2993CE7E0053FB21 /* Resources */ = {
			isa = PBXResourcesBuildPhase;
			buildActionMask = 2147483647;
			files = (
				979946CF2998468A001AC8A7 /* SF-Pro-Display-UltralightItalic.otf in Resources */,
				979946CC2998468A001AC8A7 /* SF-Pro-Display-Medium.otf in Resources */,
				979946DA2998468A001AC8A7 /* SF-Pro-Display-Thin.otf in Resources */,
				979946D72998468A001AC8A7 /* SF-Pro-Display-LightItalic.otf in Resources */,
				979946D62998468A001AC8A7 /* SF-Pro-Display-RegularItalic.otf in Resources */,
				979946D12998468A001AC8A7 /* SF-Pro-Display-Black.otf in Resources */,
				97E0196C2993CE800053FB21 /* LaunchScreen.storyboard in Resources */,
				979946D52998468A001AC8A7 /* SF-Pro-Display-SemiboldItalic.otf in Resources */,
				979946CD2998468A001AC8A7 /* SF-Pro-Display-Ultralight.otf in Resources */,
				979946CB2998468A001AC8A7 /* SF-Pro-Display-BlackItalic.otf in Resources */,
				979946D22998468A001AC8A7 /* SF-Pro-Display-Bold.otf in Resources */,
				979946DC2998468A001AC8A7 /* SF-Pro-Display-Heavy.otf in Resources */,
				979946D82998468A001AC8A7 /* SF-Pro-Display-Regular.otf in Resources */,
				979946D42998468A001AC8A7 /* SF-Pro-Display-HeavyItalic.otf in Resources */,
				979946D32998468A001AC8A7 /* SF-Pro-Display-BoldItalic.otf in Resources */,
				979946CE2998468A001AC8A7 /* SF-Pro-Display-MediumItalic.otf in Resources */,
				979946D92998468A001AC8A7 /* SF-Pro-Display-Semibold.otf in Resources */,
				979946D02998468A001AC8A7 /* SF-Pro-Display-Light.otf in Resources */,
				97E019692993CE800053FB21 /* Assets.xcassets in Resources */,
				979946DB2998468A001AC8A7 /* SF-Pro-Display-ThinItalic.otf in Resources */,
			);
			runOnlyForDeploymentPostprocessing = 0;
		};
/* End PBXResourcesBuildPhase section */

/* Begin PBXSourcesBuildPhase section */
		97E019582993CE7E0053FB21 /* Sources */ = {
			isa = PBXSourcesBuildPhase;
			buildActionMask = 2147483647;
			files = (
				9799468E29981FB1001AC8A7 /* HorizontalCollectionView.swift in Sources */,
				97E019642993CE7E0053FB21 /* ViewController.swift in Sources */,
				97E019B629956D7D0053FB21 /* BasicButton.swift in Sources */,
				97E019602993CE7E0053FB21 /* AppDelegate.swift in Sources */,
				97E019622993CE7E0053FB21 /* SceneDelegate.swift in Sources */,
				979946902998240E001AC8A7 /* HorizontalMenuCollectionViewCell.swift in Sources */,
				97E019742993EBDB0053FB21 /* DetailViewController.swift in Sources */,
			);
			runOnlyForDeploymentPostprocessing = 0;
		};
/* End PBXSourcesBuildPhase section */

/* Begin PBXVariantGroup section */
		97E0196A2993CE800053FB21 /* LaunchScreen.storyboard */ = {
			isa = PBXVariantGroup;
			children = (
				97E0196B2993CE800053FB21 /* Base */,
			);
			name = LaunchScreen.storyboard;
			sourceTree = "<group>";
		};
/* End PBXVariantGroup section */

/* Begin XCBuildConfiguration section */
		97E0196E2993CE800053FB21 /* Debug */ = {
			isa = XCBuildConfiguration;
			buildSettings = {
				ALWAYS_SEARCH_USER_PATHS = NO;
				CLANG_ANALYZER_NONNULL = YES;
				CLANG_ANALYZER_NUMBER_OBJECT_CONVERSION = YES_AGGRESSIVE;
				CLANG_CXX_LANGUAGE_STANDARD = "gnu++20";
				CLANG_ENABLE_MODULES = YES;
				CLANG_ENABLE_OBJC_ARC = YES;
				CLANG_ENABLE_OBJC_WEAK = YES;
				CLANG_WARN_BLOCK_CAPTURE_AUTORELEASING = YES;
				CLANG_WARN_BOOL_CONVERSION = YES;
				CLANG_WARN_COMMA = YES;
				CLANG_WARN_CONSTANT_CONVERSION = YES;
				CLANG_WARN_DEPRECATED_OBJC_IMPLEMENTATIONS = YES;
				CLANG_WARN_DIRECT_OBJC_ISA_USAGE = YES_ERROR;
				CLANG_WARN_DOCUMENTATION_COMMENTS = YES;
				CLANG_WARN_EMPTY_BODY = YES;
				CLANG_WARN_ENUM_CONVERSION = YES;
				CLANG_WARN_INFINITE_RECURSION = YES;
				CLANG_WARN_INT_CONVERSION = YES;
				CLANG_WARN_NON_LITERAL_NULL_CONVERSION = YES;
				CLANG_WARN_OBJC_IMPLICIT_RETAIN_SELF = YES;
				CLANG_WARN_OBJC_LITERAL_CONVERSION = YES;
				CLANG_WARN_OBJC_ROOT_CLASS = YES_ERROR;
				CLANG_WARN_QUOTED_INCLUDE_IN_FRAMEWORK_HEADER = YES;
				CLANG_WARN_RANGE_LOOP_ANALYSIS = YES;
				CLANG_WARN_STRICT_PROTOTYPES = YES;
				CLANG_WARN_SUSPICIOUS_MOVE = YES;
				CLANG_WARN_UNGUARDED_AVAILABILITY = YES_AGGRESSIVE;
				CLANG_WARN_UNREACHABLE_CODE = YES;
				CLANG_WARN__DUPLICATE_METHOD_MATCH = YES;
				COPY_PHASE_STRIP = NO;
				DEBUG_INFORMATION_FORMAT = dwarf;
				ENABLE_STRICT_OBJC_MSGSEND = YES;
				ENABLE_TESTABILITY = YES;
				GCC_C_LANGUAGE_STANDARD = gnu11;
				GCC_DYNAMIC_NO_PIC = NO;
				GCC_NO_COMMON_BLOCKS = YES;
				GCC_OPTIMIZATION_LEVEL = 0;
				GCC_PREPROCESSOR_DEFINITIONS = (
					"DEBUG=1",
					"$(inherited)",
				);
				GCC_WARN_64_TO_32_BIT_CONVERSION = YES;
				GCC_WARN_ABOUT_RETURN_TYPE = YES_ERROR;
				GCC_WARN_UNDECLARED_SELECTOR = YES;
				GCC_WARN_UNINITIALIZED_AUTOS = YES_AGGRESSIVE;
				GCC_WARN_UNUSED_FUNCTION = YES;
				GCC_WARN_UNUSED_VARIABLE = YES;
				IPHONEOS_DEPLOYMENT_TARGET = 16.1;
				MTL_ENABLE_DEBUG_INFO = INCLUDE_SOURCE;
				MTL_FAST_MATH = YES;
				ONLY_ACTIVE_ARCH = YES;
				SDKROOT = iphoneos;
				SWIFT_ACTIVE_COMPILATION_CONDITIONS = DEBUG;
				SWIFT_OPTIMIZATION_LEVEL = "-Onone";
			};
			name = Debug;
		};
		97E0196F2993CE800053FB21 /* Release */ = {
			isa = XCBuildConfiguration;
			buildSettings = {
				ALWAYS_SEARCH_USER_PATHS = NO;
				CLANG_ANALYZER_NONNULL = YES;
				CLANG_ANALYZER_NUMBER_OBJECT_CONVERSION = YES_AGGRESSIVE;
				CLANG_CXX_LANGUAGE_STANDARD = "gnu++20";
				CLANG_ENABLE_MODULES = YES;
				CLANG_ENABLE_OBJC_ARC = YES;
				CLANG_ENABLE_OBJC_WEAK = YES;
				CLANG_WARN_BLOCK_CAPTURE_AUTORELEASING = YES;
				CLANG_WARN_BOOL_CONVERSION = YES;
				CLANG_WARN_COMMA = YES;
				CLANG_WARN_CONSTANT_CONVERSION = YES;
				CLANG_WARN_DEPRECATED_OBJC_IMPLEMENTATIONS = YES;
				CLANG_WARN_DIRECT_OBJC_ISA_USAGE = YES_ERROR;
				CLANG_WARN_DOCUMENTATION_COMMENTS = YES;
				CLANG_WARN_EMPTY_BODY = YES;
				CLANG_WARN_ENUM_CONVERSION = YES;
				CLANG_WARN_INFINITE_RECURSION = YES;
				CLANG_WARN_INT_CONVERSION = YES;
				CLANG_WARN_NON_LITERAL_NULL_CONVERSION = YES;
				CLANG_WARN_OBJC_IMPLICIT_RETAIN_SELF = YES;
				CLANG_WARN_OBJC_LITERAL_CONVERSION = YES;
				CLANG_WARN_OBJC_ROOT_CLASS = YES_ERROR;
				CLANG_WARN_QUOTED_INCLUDE_IN_FRAMEWORK_HEADER = YES;
				CLANG_WARN_RANGE_LOOP_ANALYSIS = YES;
				CLANG_WARN_STRICT_PROTOTYPES = YES;
				CLANG_WARN_SUSPICIOUS_MOVE = YES;
				CLANG_WARN_UNGUARDED_AVAILABILITY = YES_AGGRESSIVE;
				CLANG_WARN_UNREACHABLE_CODE = YES;
				CLANG_WARN__DUPLICATE_METHOD_MATCH = YES;
				COPY_PHASE_STRIP = NO;
				DEBUG_INFORMATION_FORMAT = "dwarf-with-dsym";
				ENABLE_NS_ASSERTIONS = NO;
				ENABLE_STRICT_OBJC_MSGSEND = YES;
				GCC_C_LANGUAGE_STANDARD = gnu11;
				GCC_NO_COMMON_BLOCKS = YES;
				GCC_WARN_64_TO_32_BIT_CONVERSION = YES;
				GCC_WARN_ABOUT_RETURN_TYPE = YES_ERROR;
				GCC_WARN_UNDECLARED_SELECTOR = YES;
				GCC_WARN_UNINITIALIZED_AUTOS = YES_AGGRESSIVE;
				GCC_WARN_UNUSED_FUNCTION = YES;
				GCC_WARN_UNUSED_VARIABLE = YES;
				IPHONEOS_DEPLOYMENT_TARGET = 16.1;
				MTL_ENABLE_DEBUG_INFO = NO;
				MTL_FAST_MATH = YES;
				SDKROOT = iphoneos;
				SWIFT_COMPILATION_MODE = wholemodule;
				SWIFT_OPTIMIZATION_LEVEL = "-O";
				VALIDATE_PRODUCT = YES;
			};
			name = Release;
		};
		97E019712993CE800053FB21 /* Debug */ = {
			isa = XCBuildConfiguration;
			buildSettings = {
				ASSETCATALOG_COMPILER_APPICON_NAME = AppIcon;
				ASSETCATALOG_COMPILER_GLOBAL_ACCENT_COLOR_NAME = AccentColor;
				CODE_SIGN_STYLE = Automatic;
				CURRENT_PROJECT_VERSION = 1;
				DEVELOPMENT_TEAM = N4UDWY43TV;
				GENERATE_INFOPLIST_FILE = YES;
				INFOPLIST_FILE = TestTaskSurfStudio/Info.plist;
				INFOPLIST_KEY_UIApplicationSupportsIndirectInputEvents = YES;
				INFOPLIST_KEY_UILaunchStoryboardName = LaunchScreen;
				INFOPLIST_KEY_UISupportedInterfaceOrientations_iPad = "UIInterfaceOrientationPortrait UIInterfaceOrientationPortraitUpsideDown UIInterfaceOrientationLandscapeLeft UIInterfaceOrientationLandscapeRight";
				INFOPLIST_KEY_UISupportedInterfaceOrientations_iPhone = "UIInterfaceOrientationPortrait UIInterfaceOrientationLandscapeLeft UIInterfaceOrientationLandscapeRight";
				IPHONEOS_DEPLOYMENT_TARGET = 16.1;
				LD_RUNPATH_SEARCH_PATHS = (
					"$(inherited)",
					"@executable_path/Frameworks",
				);
				MARKETING_VERSION = 1.0;
				PRODUCT_BUNDLE_IDENTIFIER = com.markmikh.TestTaskSurfStudio;
				PRODUCT_NAME = "$(TARGET_NAME)";
				SUPPORTED_PLATFORMS = "iphoneos iphonesimulator";
				SUPPORTS_MACCATALYST = NO;
				SUPPORTS_MAC_DESIGNED_FOR_IPHONE_IPAD = NO;
				SWIFT_EMIT_LOC_STRINGS = YES;
				SWIFT_VERSION = 5.0;
				TARGETED_DEVICE_FAMILY = 1;
			};
			name = Debug;
		};
		97E019722993CE800053FB21 /* Release */ = {
			isa = XCBuildConfiguration;
			buildSettings = {
				ASSETCATALOG_COMPILER_APPICON_NAME = AppIcon;
				ASSETCATALOG_COMPILER_GLOBAL_ACCENT_COLOR_NAME = AccentColor;
				CODE_SIGN_STYLE = Automatic;
				CURRENT_PROJECT_VERSION = 1;
				DEVELOPMENT_TEAM = N4UDWY43TV;
				GENERATE_INFOPLIST_FILE = YES;
				INFOPLIST_FILE = TestTaskSurfStudio/Info.plist;
				INFOPLIST_KEY_UIApplicationSupportsIndirectInputEvents = YES;
				INFOPLIST_KEY_UILaunchStoryboardName = LaunchScreen;
				INFOPLIST_KEY_UISupportedInterfaceOrientations_iPad = "UIInterfaceOrientationPortrait UIInterfaceOrientationPortraitUpsideDown UIInterfaceOrientationLandscapeLeft UIInterfaceOrientationLandscapeRight";
				INFOPLIST_KEY_UISupportedInterfaceOrientations_iPhone = "UIInterfaceOrientationPortrait UIInterfaceOrientationLandscapeLeft UIInterfaceOrientationLandscapeRight";
				IPHONEOS_DEPLOYMENT_TARGET = 16.1;
				LD_RUNPATH_SEARCH_PATHS = (
					"$(inherited)",
					"@executable_path/Frameworks",
				);
				MARKETING_VERSION = 1.0;
				PRODUCT_BUNDLE_IDENTIFIER = com.markmikh.TestTaskSurfStudio;
				PRODUCT_NAME = "$(TARGET_NAME)";
				SUPPORTED_PLATFORMS = "iphoneos iphonesimulator";
				SUPPORTS_MACCATALYST = NO;
				SUPPORTS_MAC_DESIGNED_FOR_IPHONE_IPAD = NO;
				SWIFT_EMIT_LOC_STRINGS = YES;
				SWIFT_VERSION = 5.0;
				TARGETED_DEVICE_FAMILY = 1;
			};
			name = Release;
		};
/* End XCBuildConfiguration section */

/* Begin XCConfigurationList section */
		97E019572993CE7E0053FB21 /* Build configuration list for PBXProject "TestTaskSurfStudio" */ = {
			isa = XCConfigurationList;
			buildConfigurations = (
				97E0196E2993CE800053FB21 /* Debug */,
				97E0196F2993CE800053FB21 /* Release */,
			);
			defaultConfigurationIsVisible = 0;
			defaultConfigurationName = Release;
		};
		97E019702993CE800053FB21 /* Build configuration list for PBXNativeTarget "TestTaskSurfStudio" */ = {
			isa = XCConfigurationList;
			buildConfigurations = (
				97E019712993CE800053FB21 /* Debug */,
				97E019722993CE800053FB21 /* Release */,
			);
			defaultConfigurationIsVisible = 0;
			defaultConfigurationName = Release;
		};
/* End XCConfigurationList section */
	};
	rootObject = 97E019542993CE7E0053FB21 /* Project object */;
}
